
Microsoft Visual Studio Solution File, Format Version 12.00
# Visual Studio Version 17
VisualStudioVersion = 17.11.35222.181
MinimumVisualStudioVersion = 10.0.40219.1
Project("{9A19103F-16F7-4668-BE54-9A1E7A4F7556}") = "FXT.Domain", "FXT.Domain\FXT.Domain.csproj", "{5B8B43C5-FE60-4821-986A-E75FC2129895}"
EndProject
Project("{9A19103F-16F7-4668-BE54-9A1E7A4F7556}") = "FXT.Infrastructure", "FXT.Infrastructure\FXT.Infrastructure.csproj", "{392601CD-CB0B-48CD-81B7-5EE09FE26E1A}"
EndProject
Project("{9A19103F-16F7-4668-BE54-9A1E7A4F7556}") = "FXT.Domain.Test", "FXT.Domain.Test\FXT.Domain.Test.csproj", "{12315DD8-33EB-4B4F-9ECE-BEE74163ED48}"
EndProject
Project("{FAE04EC0-301F-11D3-BF4B-00C04F79EFBC}") = "FXT.Infrastructure.Test", "FXT.Infrastructure.Test\FXT.Infrastructure.Test.csproj", "{92EFBA04-81DB-4226-8597-3704F075B893}"
EndProject
Project("{FAE04EC0-301F-11D3-BF4B-00C04F79EFBC}") = "FXT.Application", "FXT.Application\FXT.Application.csproj", "{D88E2141-86B5-4A37-97B3-685B54C3F2C0}"
EndProject
Project("{9A19103F-16F7-4668-BE54-9A1E7A4F7556}") = "FXT.API", "FXT.API\FXT.API.csproj", "{5665F8DC-5440-4E18-BA73-1CECF9F69303}"
EndProject
Global
	GlobalSection(SolutionConfigurationPlatforms) = preSolution
		Debug|Any CPU = Debug|Any CPU
		Release|Any CPU = Release|Any CPU
	EndGlobalSection
	GlobalSection(ProjectConfigurationPlatforms) = postSolution
		{5B8B43C5-FE60-4821-986A-E75FC2129895}.Debug|Any CPU.ActiveCfg = Debug|Any CPU
		{5B8B43C5-FE60-4821-986A-E75FC2129895}.Debug|Any CPU.Build.0 = Debug|Any CPU
		{5B8B43C5-FE60-4821-986A-E75FC2129895}.Release|Any CPU.ActiveCfg = Release|Any CPU
		{5B8B43C5-FE60-4821-986A-E75FC2129895}.Release|Any CPU.Build.0 = Release|Any CPU
		{392601CD-CB0B-48CD-81B7-5EE09FE26E1A}.Debug|Any CPU.ActiveCfg = Debug|Any CPU
		{392601CD-CB0B-48CD-81B7-5EE09FE26E1A}.Debug|Any CPU.Build.0 = Debug|Any CPU
		{392601CD-CB0B-48CD-81B7-5EE09FE26E1A}.Release|Any CPU.ActiveCfg = Release|Any CPU
		{392601CD-CB0B-48CD-81B7-5EE09FE26E1A}.Release|Any CPU.Build.0 = Release|Any CPU
		{12315DD8-33EB-4B4F-9ECE-BEE74163ED48}.Debug|Any CPU.ActiveCfg = Debug|Any CPU
		{12315DD8-33EB-4B4F-9ECE-BEE74163ED48}.Debug|Any CPU.Build.0 = Debug|Any CPU
		{12315DD8-33EB-4B4F-9ECE-BEE74163ED48}.Release|Any CPU.ActiveCfg = Release|Any CPU
		{12315DD8-33EB-4B4F-9ECE-BEE74163ED48}.Release|Any CPU.Build.0 = Release|Any CPU
		{92EFBA04-81DB-4226-8597-3704F075B893}.Debug|Any CPU.ActiveCfg = Debug|Any CPU
		{92EFBA04-81DB-4226-8597-3704F075B893}.Debug|Any CPU.Build.0 = Debug|Any CPU
		{92EFBA04-81DB-4226-8597-3704F075B893}.Release|Any CPU.ActiveCfg = Release|Any CPU
		{92EFBA04-81DB-4226-8597-3704F075B893}.Release|Any CPU.Build.0 = Release|Any CPU
		{D88E2141-86B5-4A37-97B3-685B54C3F2C0}.Debug|Any CPU.ActiveCfg = Debug|Any CPU
		{D88E2141-86B5-4A37-97B3-685B54C3F2C0}.Debug|Any CPU.Build.0 = Debug|Any CPU
		{D88E2141-86B5-4A37-97B3-685B54C3F2C0}.Release|Any CPU.ActiveCfg = Release|Any CPU
		{D88E2141-86B5-4A37-97B3-685B54C3F2C0}.Release|Any CPU.Build.0 = Release|Any CPU
		{5665F8DC-5440-4E18-BA73-1CECF9F69303}.Debug|Any CPU.ActiveCfg = Debug|Any CPU
		{5665F8DC-5440-4E18-BA73-1CECF9F69303}.Debug|Any CPU.Build.0 = Debug|Any CPU
		{5665F8DC-5440-4E18-BA73-1CECF9F69303}.Release|Any CPU.ActiveCfg = Release|Any CPU
		{5665F8DC-5440-4E18-BA73-1CECF9F69303}.Release|Any CPU.Build.0 = Release|Any CPU
	EndGlobalSection
	GlobalSection(SolutionProperties) = preSolution
		HideSolutionNode = FALSE
	EndGlobalSection
	GlobalSection(ExtensibilityGlobals) = postSolution
		SolutionGuid = {6403FCAD-6E81-4FD4-BF91-542EDCE5D8EF}
	EndGlobalSection
EndGlobal
